// !$*UTF8*$!
{
	archiveVersion = 1;
	classes = {
	};
	objectVersion = 56;
	objects = {

/* Begin PBXBuildFile section */
		B13E30CA2C80088B007BD28D /* ListyApp.swift in Sources */ = {isa = PBXBuildFile; fileRef = B13E30C92C80088B007BD28D /* ListyApp.swift */; };
		B13E30CE2C80088C007BD28D /* Assets.xcassets in Resources */ = {isa = PBXBuildFile; fileRef = B13E30CD2C80088C007BD28D /* Assets.xcassets */; };
		B13E30D12C80088C007BD28D /* Preview Assets.xcassets in Resources */ = {isa = PBXBuildFile; fileRef = B13E30D02C80088C007BD28D /* Preview Assets.xcassets */; };
		B13E30D62C80088C007BD28D /* Listy.xcdatamodeld in Sources */ = {isa = PBXBuildFile; fileRef = B13E30D42C80088C007BD28D /* Listy.xcdatamodeld */; };
		B13E30DD2C80123F007BD28D /* PersistanceController.swift in Sources */ = {isa = PBXBuildFile; fileRef = B13E30DC2C80123F007BD28D /* PersistanceController.swift */; };
		B13E30E02C80140C007BD28D /* CustomList.swift in Sources */ = {isa = PBXBuildFile; fileRef = B13E30DF2C80140C007BD28D /* CustomList.swift */; };
		B13E30E22C801423007BD28D /* ListItem.swift in Sources */ = {isa = PBXBuildFile; fileRef = B13E30E12C801423007BD28D /* ListItem.swift */; };
		B13E30E72C801530007BD28D /* MainViewModel.swift in Sources */ = {isa = PBXBuildFile; fileRef = B13E30E62C801530007BD28D /* MainViewModel.swift */; };
		B13E30E92C80154B007BD28D /* DetailListViewModel.swift in Sources */ = {isa = PBXBuildFile; fileRef = B13E30E82C80154B007BD28D /* DetailListViewModel.swift */; };
		B13E30EC2C80156C007BD28D /* MainView.swift in Sources */ = {isa = PBXBuildFile; fileRef = B13E30EB2C80156C007BD28D /* MainView.swift */; };
		B13E30EE2C801589007BD28D /* DetailListView.swift in Sources */ = {isa = PBXBuildFile; fileRef = B13E30ED2C801589007BD28D /* DetailListView.swift */; };
		B13E30F02C8015A0007BD28D /* AddListItemView.swift in Sources */ = {isa = PBXBuildFile; fileRef = B13E30EF2C8015A0007BD28D /* AddListItemView.swift */; };
		B13E30F22C8016D6007BD28D /* EditItemView.swift in Sources */ = {isa = PBXBuildFile; fileRef = B13E30F12C8016D6007BD28D /* EditItemView.swift */; };
		B13E30F42C801A70007BD28D /* AddListView.swift in Sources */ = {isa = PBXBuildFile; fileRef = B13E30F32C801A70007BD28D /* AddListView.swift */; };
		B13E30FE2C8D2AD0007BD28D /* TaskDetailView.swift in Sources */ = {isa = PBXBuildFile; fileRef = B13E30FD2C8D2ACF007BD28D /* TaskDetailView.swift */; };
		B13E31002C8D2C17007BD28D /* DetailedQuoteView.swift in Sources */ = {isa = PBXBuildFile; fileRef = B13E30FF2C8D2C17007BD28D /* DetailedQuoteView.swift */; };
		B13E311E2C91042B007BD28D /* QuoteItem.swift in Sources */ = {isa = PBXBuildFile; fileRef = B13E311D2C91042A007BD28D /* QuoteItem.swift */; };
		B13E31202C91044C007BD28D /* MediaListItem.swift in Sources */ = {isa = PBXBuildFile; fileRef = B13E311F2C91044C007BD28D /* MediaListItem.swift */; };
		B13E31222C910463007BD28D /* TaskItem.swift in Sources */ = {isa = PBXBuildFile; fileRef = B13E31212C910463007BD28D /* TaskItem.swift */; };
		B13E31242C910D0D007BD28D /* ListCategory.swift in Sources */ = {isa = PBXBuildFile; fileRef = B13E31232C910D0D007BD28D /* ListCategory.swift */; };
		B1873AFD2C938B3A00C692A7 /* DetailListViewModelError.swift in Sources */ = {isa = PBXBuildFile; fileRef = B1873AFC2C938B3A00C692A7 /* DetailListViewModelError.swift */; };
		B1873B022C93A6D500C692A7 /* AppError.swift in Sources */ = {isa = PBXBuildFile; fileRef = B1873B012C93A6D500C692A7 /* AppError.swift */; };
		B1873B042C93A70200C692A7 /* EditableItem.swift in Sources */ = {isa = PBXBuildFile; fileRef = B1873B032C93A70200C692A7 /* EditableItem.swift */; };
		B1873B062C93A72500C692A7 /* DetailQuoteViewModel.swift in Sources */ = {isa = PBXBuildFile; fileRef = B1873B052C93A72500C692A7 /* DetailQuoteViewModel.swift */; };
		B1873B092C93AD6300C692A7 /* TMDbAPIService.swift in Sources */ = {isa = PBXBuildFile; fileRef = B1873B082C93AD6300C692A7 /* TMDbAPIService.swift */; };
		B1873B0D2C93AD8C00C692A7 /* MediaSearchViewModel.swift in Sources */ = {isa = PBXBuildFile; fileRef = B1873B0C2C93AD8C00C692A7 /* MediaSearchViewModel.swift */; };
		B1873B112C93B73500C692A7 /* MediaDetailView.swift in Sources */ = {isa = PBXBuildFile; fileRef = B1873B102C93B73500C692A7 /* MediaDetailView.swift */; };
		B1873B132C93B79700C692A7 /* MediaSearchView.swift in Sources */ = {isa = PBXBuildFile; fileRef = B1873B122C93B79700C692A7 /* MediaSearchView.swift */; };
		B1873B152C93BC5300C692A7 /* IdentifiableError.swift in Sources */ = {isa = PBXBuildFile; fileRef = B1873B142C93BC5300C692A7 /* IdentifiableError.swift */; };
		B1873B192C9504EE00C692A7 /* MediaSearchResultRow.swift in Sources */ = {isa = PBXBuildFile; fileRef = B1873B182C9504EE00C692A7 /* MediaSearchResultRow.swift */; };
		B1873B1C2C95054200C692A7 /* ManualMediaEntryView.swift in Sources */ = {isa = PBXBuildFile; fileRef = B1873B1B2C95054200C692A7 /* ManualMediaEntryView.swift */; };
		B1873B1E2C95079D00C692A7 /* MediaSearchModels.swift in Sources */ = {isa = PBXBuildFile; fileRef = B1873B1D2C95079D00C692A7 /* MediaSearchModels.swift */; };
		B1873B202C95086A00C692A7 /* APIError.swift in Sources */ = {isa = PBXBuildFile; fileRef = B1873B1F2C95086A00C692A7 /* APIError.swift */; };
		B1873B222C950C6000C692A7 /* TMDbAPIConfig.swift in Sources */ = {isa = PBXBuildFile; fileRef = B1873B212C950C6000C692A7 /* TMDbAPIConfig.swift */; };
		B1873B242C961CA300C692A7 /* MediaDetailViewModel.swift in Sources */ = {isa = PBXBuildFile; fileRef = B1873B232C961CA300C692A7 /* MediaDetailViewModel.swift */; };
		B1873B262C9A01C100C692A7 /* ErrorView.swift in Sources */ = {isa = PBXBuildFile; fileRef = B1873B252C9A01C100C692A7 /* ErrorView.swift */; };
		B1873B282C9A01E200C692A7 /* Formatters.swift in Sources */ = {isa = PBXBuildFile; fileRef = B1873B272C9A01E200C692A7 /* Formatters.swift */; };
		B1873B2A2C9A0A8400C692A7 /* ListManager.swift in Sources */ = {isa = PBXBuildFile; fileRef = B1873B292C9A0A8400C692A7 /* ListManager.swift */; };
/* End PBXBuildFile section */

/* Begin PBXFileReference section */
		B13E30C62C80088B007BD28D /* Listy.app */ = {isa = PBXFileReference; explicitFileType = wrapper.application; includeInIndex = 0; path = Listy.app; sourceTree = BUILT_PRODUCTS_DIR; };
		B13E30C92C80088B007BD28D /* ListyApp.swift */ = {isa = PBXFileReference; lastKnownFileType = sourcecode.swift; path = ListyApp.swift; sourceTree = "<group>"; };
		B13E30CD2C80088C007BD28D /* Assets.xcassets */ = {isa = PBXFileReference; lastKnownFileType = folder.assetcatalog; path = Assets.xcassets; sourceTree = "<group>"; };
		B13E30D02C80088C007BD28D /* Preview Assets.xcassets */ = {isa = PBXFileReference; lastKnownFileType = folder.assetcatalog; path = "Preview Assets.xcassets"; sourceTree = "<group>"; };
		B13E30D52C80088C007BD28D /* Listy.xcdatamodel */ = {isa = PBXFileReference; lastKnownFileType = wrapper.xcdatamodel; path = Listy.xcdatamodel; sourceTree = "<group>"; };
		B13E30DC2C80123F007BD28D /* PersistanceController.swift */ = {isa = PBXFileReference; lastKnownFileType = sourcecode.swift; path = PersistanceController.swift; sourceTree = "<group>"; };
		B13E30DF2C80140C007BD28D /* CustomList.swift */ = {isa = PBXFileReference; lastKnownFileType = sourcecode.swift; path = CustomList.swift; sourceTree = "<group>"; };
		B13E30E12C801423007BD28D /* ListItem.swift */ = {isa = PBXFileReference; lastKnownFileType = sourcecode.swift; path = ListItem.swift; sourceTree = "<group>"; };
		B13E30E62C801530007BD28D /* MainViewModel.swift */ = {isa = PBXFileReference; lastKnownFileType = sourcecode.swift; path = MainViewModel.swift; sourceTree = "<group>"; };
		B13E30E82C80154B007BD28D /* DetailListViewModel.swift */ = {isa = PBXFileReference; lastKnownFileType = sourcecode.swift; path = DetailListViewModel.swift; sourceTree = "<group>"; };
		B13E30EB2C80156C007BD28D /* MainView.swift */ = {isa = PBXFileReference; lastKnownFileType = sourcecode.swift; path = MainView.swift; sourceTree = "<group>"; };
		B13E30ED2C801589007BD28D /* DetailListView.swift */ = {isa = PBXFileReference; lastKnownFileType = sourcecode.swift; path = DetailListView.swift; sourceTree = "<group>"; };
		B13E30EF2C8015A0007BD28D /* AddListItemView.swift */ = {isa = PBXFileReference; lastKnownFileType = sourcecode.swift; path = AddListItemView.swift; sourceTree = "<group>"; };
		B13E30F12C8016D6007BD28D /* EditItemView.swift */ = {isa = PBXFileReference; lastKnownFileType = sourcecode.swift; path = EditItemView.swift; sourceTree = "<group>"; };
		B13E30F32C801A70007BD28D /* AddListView.swift */ = {isa = PBXFileReference; lastKnownFileType = sourcecode.swift; path = AddListView.swift; sourceTree = "<group>"; };
		B13E30FD2C8D2ACF007BD28D /* TaskDetailView.swift */ = {isa = PBXFileReference; lastKnownFileType = sourcecode.swift; path = TaskDetailView.swift; sourceTree = "<group>"; };
		B13E30FF2C8D2C17007BD28D /* DetailedQuoteView.swift */ = {isa = PBXFileReference; lastKnownFileType = sourcecode.swift; path = DetailedQuoteView.swift; sourceTree = "<group>"; };
		B13E311D2C91042A007BD28D /* QuoteItem.swift */ = {isa = PBXFileReference; lastKnownFileType = sourcecode.swift; path = QuoteItem.swift; sourceTree = "<group>"; };
		B13E311F2C91044C007BD28D /* MediaListItem.swift */ = {isa = PBXFileReference; lastKnownFileType = sourcecode.swift; path = MediaListItem.swift; sourceTree = "<group>"; };
		B13E31212C910463007BD28D /* TaskItem.swift */ = {isa = PBXFileReference; lastKnownFileType = sourcecode.swift; path = TaskItem.swift; sourceTree = "<group>"; };
		B13E31232C910D0D007BD28D /* ListCategory.swift */ = {isa = PBXFileReference; lastKnownFileType = sourcecode.swift; path = ListCategory.swift; sourceTree = "<group>"; };
		B1873AFC2C938B3A00C692A7 /* DetailListViewModelError.swift */ = {isa = PBXFileReference; lastKnownFileType = sourcecode.swift; path = DetailListViewModelError.swift; sourceTree = "<group>"; };
		B1873B012C93A6D500C692A7 /* AppError.swift */ = {isa = PBXFileReference; lastKnownFileType = sourcecode.swift; path = AppError.swift; sourceTree = "<group>"; };
		B1873B032C93A70200C692A7 /* EditableItem.swift */ = {isa = PBXFileReference; lastKnownFileType = sourcecode.swift; path = EditableItem.swift; sourceTree = "<group>"; };
		B1873B052C93A72500C692A7 /* DetailQuoteViewModel.swift */ = {isa = PBXFileReference; lastKnownFileType = sourcecode.swift; path = DetailQuoteViewModel.swift; sourceTree = "<group>"; };
		B1873B082C93AD6300C692A7 /* TMDbAPIService.swift */ = {isa = PBXFileReference; lastKnownFileType = sourcecode.swift; path = TMDbAPIService.swift; sourceTree = "<group>"; };
		B1873B0C2C93AD8C00C692A7 /* MediaSearchViewModel.swift */ = {isa = PBXFileReference; lastKnownFileType = sourcecode.swift; path = MediaSearchViewModel.swift; sourceTree = "<group>"; };
		B1873B102C93B73500C692A7 /* MediaDetailView.swift */ = {isa = PBXFileReference; lastKnownFileType = sourcecode.swift; path = MediaDetailView.swift; sourceTree = "<group>"; };
		B1873B122C93B79700C692A7 /* MediaSearchView.swift */ = {isa = PBXFileReference; lastKnownFileType = sourcecode.swift; path = MediaSearchView.swift; sourceTree = "<group>"; };
		B1873B142C93BC5300C692A7 /* IdentifiableError.swift */ = {isa = PBXFileReference; lastKnownFileType = sourcecode.swift; path = IdentifiableError.swift; sourceTree = "<group>"; };
		B1873B182C9504EE00C692A7 /* MediaSearchResultRow.swift */ = {isa = PBXFileReference; lastKnownFileType = sourcecode.swift; path = MediaSearchResultRow.swift; sourceTree = "<group>"; };
		B1873B1B2C95054200C692A7 /* ManualMediaEntryView.swift */ = {isa = PBXFileReference; lastKnownFileType = sourcecode.swift; path = ManualMediaEntryView.swift; sourceTree = "<group>"; };
		B1873B1D2C95079D00C692A7 /* MediaSearchModels.swift */ = {isa = PBXFileReference; lastKnownFileType = sourcecode.swift; path = MediaSearchModels.swift; sourceTree = "<group>"; };
		B1873B1F2C95086A00C692A7 /* APIError.swift */ = {isa = PBXFileReference; lastKnownFileType = sourcecode.swift; path = APIError.swift; sourceTree = "<group>"; };
		B1873B212C950C6000C692A7 /* TMDbAPIConfig.swift */ = {isa = PBXFileReference; lastKnownFileType = sourcecode.swift; path = TMDbAPIConfig.swift; sourceTree = "<group>"; };
		B1873B232C961CA300C692A7 /* MediaDetailViewModel.swift */ = {isa = PBXFileReference; lastKnownFileType = sourcecode.swift; path = MediaDetailViewModel.swift; sourceTree = "<group>"; };
		B1873B252C9A01C100C692A7 /* ErrorView.swift */ = {isa = PBXFileReference; lastKnownFileType = sourcecode.swift; path = ErrorView.swift; sourceTree = "<group>"; };
		B1873B272C9A01E200C692A7 /* Formatters.swift */ = {isa = PBXFileReference; lastKnownFileType = sourcecode.swift; path = Formatters.swift; sourceTree = "<group>"; };
		B1873B292C9A0A8400C692A7 /* ListManager.swift */ = {isa = PBXFileReference; lastKnownFileType = sourcecode.swift; path = ListManager.swift; sourceTree = "<group>"; };
/* End PBXFileReference section */

/* Begin PBXFrameworksBuildPhase section */
		B13E30C32C80088B007BD28D /* Frameworks */ = {
			isa = PBXFrameworksBuildPhase;
			buildActionMask = 2147483647;
			files = (
			);
			runOnlyForDeploymentPostprocessing = 0;
		};
/* End PBXFrameworksBuildPhase section */

/* Begin PBXGroup section */
		B13E30BD2C80088B007BD28D = {
			isa = PBXGroup;
			children = (
				B13E30C82C80088B007BD28D /* Listy */,
				B13E30C72C80088B007BD28D /* Products */,
			);
			sourceTree = "<group>";
		};
		B13E30C72C80088B007BD28D /* Products */ = {
			isa = PBXGroup;
			children = (
				B13E30C62C80088B007BD28D /* Listy.app */,
			);
			name = Products;
			sourceTree = "<group>";
		};
		B13E30C82C80088B007BD28D /* Listy */ = {
			isa = PBXGroup;
			children = (
				B1873B072C93AD3600C692A7 /* Networking */,
				B1873B002C93A6BC00C692A7 /* Error Handling */,
				B13E30EA2C80155F007BD28D /* Views */,
				B13E30E52C80151C007BD28D /* ViewModels */,
				B13E30DE2C8013F2007BD28D /* Models */,
				B13E30C92C80088B007BD28D /* ListyApp.swift */,
				B13E30DC2C80123F007BD28D /* PersistanceController.swift */,
				B13E30CD2C80088C007BD28D /* Assets.xcassets */,
				B13E30D42C80088C007BD28D /* Listy.xcdatamodeld */,
				B13E30CF2C80088C007BD28D /* Preview Content */,
				B1873B272C9A01E200C692A7 /* Formatters.swift */,
				B1873B292C9A0A8400C692A7 /* ListManager.swift */,
			);
			path = Listy;
			sourceTree = "<group>";
		};
		B13E30CF2C80088C007BD28D /* Preview Content */ = {
			isa = PBXGroup;
			children = (
				B13E30D02C80088C007BD28D /* Preview Assets.xcassets */,
			);
			path = "Preview Content";
			sourceTree = "<group>";
		};
		B13E30DE2C8013F2007BD28D /* Models */ = {
			isa = PBXGroup;
			children = (
				B13E31232C910D0D007BD28D /* ListCategory.swift */,
				B13E30E12C801423007BD28D /* ListItem.swift */,
				B13E311D2C91042A007BD28D /* QuoteItem.swift */,
				B13E30DF2C80140C007BD28D /* CustomList.swift */,
				B13E311F2C91044C007BD28D /* MediaListItem.swift */,
				B13E31212C910463007BD28D /* TaskItem.swift */,
				B1873B032C93A70200C692A7 /* EditableItem.swift */,
				B1873B1D2C95079D00C692A7 /* MediaSearchModels.swift */,
			);
			path = Models;
			sourceTree = "<group>";
		};
		B13E30E52C80151C007BD28D /* ViewModels */ = {
			isa = PBXGroup;
			children = (
				B13E30E62C801530007BD28D /* MainViewModel.swift */,
				B13E30E82C80154B007BD28D /* DetailListViewModel.swift */,
				B1873AFC2C938B3A00C692A7 /* DetailListViewModelError.swift */,
				B1873B052C93A72500C692A7 /* DetailQuoteViewModel.swift */,
				B1873B0C2C93AD8C00C692A7 /* MediaSearchViewModel.swift */,
				B1873B232C961CA300C692A7 /* MediaDetailViewModel.swift */,
			);
			path = ViewModels;
			sourceTree = "<group>";
		};
		B13E30EA2C80155F007BD28D /* Views */ = {
			isa = PBXGroup;
			children = (
				B1873B1A2C95050300C692A7 /* Media View */,
				B1873AFE2C93A62700C692A7 /* List Views */,
				B1873AFF2C93A64100C692A7 /* Detail Views */,
				B1873B252C9A01C100C692A7 /* ErrorView.swift */,
			);
			path = Views;
			sourceTree = "<group>";
		};
		B1873AFE2C93A62700C692A7 /* List Views */ = {
			isa = PBXGroup;
			children = (
				B13E30F32C801A70007BD28D /* AddListView.swift */,
				B13E30F12C8016D6007BD28D /* EditItemView.swift */,
				B13E30EF2C8015A0007BD28D /* AddListItemView.swift */,
				B13E30EB2C80156C007BD28D /* MainView.swift */,
				B13E30ED2C801589007BD28D /* DetailListView.swift */,
			);
			path = "List Views";
			sourceTree = "<group>";
		};
		B1873AFF2C93A64100C692A7 /* Detail Views */ = {
			isa = PBXGroup;
			children = (
				B13E30FF2C8D2C17007BD28D /* DetailedQuoteView.swift */,
				B13E30FD2C8D2ACF007BD28D /* TaskDetailView.swift */,
			);
			path = "Detail Views";
			sourceTree = "<group>";
		};
		B1873B002C93A6BC00C692A7 /* Error Handling */ = {
			isa = PBXGroup;
			children = (
				B1873B012C93A6D500C692A7 /* AppError.swift */,
				B1873B142C93BC5300C692A7 /* IdentifiableError.swift */,
				B1873B1F2C95086A00C692A7 /* APIError.swift */,
			);
			path = "Error Handling";
			sourceTree = "<group>";
		};
		B1873B072C93AD3600C692A7 /* Networking */ = {
			isa = PBXGroup;
			children = (
				B1873B082C93AD6300C692A7 /* TMDbAPIService.swift */,
				B1873B182C9504EE00C692A7 /* MediaSearchResultRow.swift */,
				B1873B212C950C6000C692A7 /* TMDbAPIConfig.swift */,
			);
			path = Networking;
			sourceTree = "<group>";
		};
		B1873B1A2C95050300C692A7 /* Media View */ = {
			isa = PBXGroup;
			children = (
				B1873B102C93B73500C692A7 /* MediaDetailView.swift */,
				B1873B122C93B79700C692A7 /* MediaSearchView.swift */,
				B1873B1B2C95054200C692A7 /* ManualMediaEntryView.swift */,
			);
			path = "Media View";
			sourceTree = "<group>";
		};
/* End PBXGroup section */

/* Begin PBXNativeTarget section */
		B13E30C52C80088B007BD28D /* Listy */ = {
			isa = PBXNativeTarget;
			buildConfigurationList = B13E30D92C80088C007BD28D /* Build configuration list for PBXNativeTarget "Listy" */;
			buildPhases = (
				B13E30C22C80088B007BD28D /* Sources */,
				B13E30C32C80088B007BD28D /* Frameworks */,
				B13E30C42C80088B007BD28D /* Resources */,
			);
			buildRules = (
			);
			dependencies = (
			);
			name = Listy;
			productName = Listy;
			productReference = B13E30C62C80088B007BD28D /* Listy.app */;
			productType = "com.apple.product-type.application";
		};
/* End PBXNativeTarget section */

/* Begin PBXProject section */
		B13E30BE2C80088B007BD28D /* Project object */ = {
			isa = PBXProject;
			attributes = {
				BuildIndependentTargetsInParallel = 1;
				LastSwiftUpdateCheck = 1530;
				LastUpgradeCheck = 1530;
				TargetAttributes = {
					B13E30C52C80088B007BD28D = {
						CreatedOnToolsVersion = 15.3;
					};
				};
			};
			buildConfigurationList = B13E30C12C80088B007BD28D /* Build configuration list for PBXProject "Listy" */;
			compatibilityVersion = "Xcode 14.0";
			developmentRegion = en;
			hasScannedForEncodings = 0;
			knownRegions = (
				en,
				Base,
			);
			mainGroup = B13E30BD2C80088B007BD28D;
			productRefGroup = B13E30C72C80088B007BD28D /* Products */;
			projectDirPath = "";
			projectRoot = "";
			targets = (
				B13E30C52C80088B007BD28D /* Listy */,
			);
		};
/* End PBXProject section */

/* Begin PBXResourcesBuildPhase section */
		B13E30C42C80088B007BD28D /* Resources */ = {
			isa = PBXResourcesBuildPhase;
			buildActionMask = 2147483647;
			files = (
				B13E30D12C80088C007BD28D /* Preview Assets.xcassets in Resources */,
				B13E30CE2C80088C007BD28D /* Assets.xcassets in Resources */,
			);
			runOnlyForDeploymentPostprocessing = 0;
		};
/* End PBXResourcesBuildPhase section */

/* Begin PBXSourcesBuildPhase section */
		B13E30C22C80088B007BD28D /* Sources */ = {
			isa = PBXSourcesBuildPhase;
			buildActionMask = 2147483647;
			files = (
				B13E30E72C801530007BD28D /* MainViewModel.swift in Sources */,
				B1873B132C93B79700C692A7 /* MediaSearchView.swift in Sources */,
				B1873B1E2C95079D00C692A7 /* MediaSearchModels.swift in Sources */,
				B13E311E2C91042B007BD28D /* QuoteItem.swift in Sources */,
				B1873AFD2C938B3A00C692A7 /* DetailListViewModelError.swift in Sources */,
				B13E30EC2C80156C007BD28D /* MainView.swift in Sources */,
				B13E31002C8D2C17007BD28D /* DetailedQuoteView.swift in Sources */,
				B1873B2A2C9A0A8400C692A7 /* ListManager.swift in Sources */,
				B13E30F42C801A70007BD28D /* AddListView.swift in Sources */,
				B1873B112C93B73500C692A7 /* MediaDetailView.swift in Sources */,
				B13E30E22C801423007BD28D /* ListItem.swift in Sources */,
				B13E31242C910D0D007BD28D /* ListCategory.swift in Sources */,
				B1873B042C93A70200C692A7 /* EditableItem.swift in Sources */,
				B1873B0D2C93AD8C00C692A7 /* MediaSearchViewModel.swift in Sources */,
				B1873B282C9A01E200C692A7 /* Formatters.swift in Sources */,
				B1873B202C95086A00C692A7 /* APIError.swift in Sources */,
				B1873B092C93AD6300C692A7 /* TMDbAPIService.swift in Sources */,
				B13E30CA2C80088B007BD28D /* ListyApp.swift in Sources */,
				B13E30F22C8016D6007BD28D /* EditItemView.swift in Sources */,
				B13E31202C91044C007BD28D /* MediaListItem.swift in Sources */,
				B1873B152C93BC5300C692A7 /* IdentifiableError.swift in Sources */,
				B13E30EE2C801589007BD28D /* DetailListView.swift in Sources */,
				B1873B192C9504EE00C692A7 /* MediaSearchResultRow.swift in Sources */,
				B1873B262C9A01C100C692A7 /* ErrorView.swift in Sources */,
				B1873B222C950C6000C692A7 /* TMDbAPIConfig.swift in Sources */,
				B13E30D62C80088C007BD28D /* Listy.xcdatamodeld in Sources */,
				B1873B062C93A72500C692A7 /* DetailQuoteViewModel.swift in Sources */,
				B13E30E02C80140C007BD28D /* CustomList.swift in Sources */,
				B13E30DD2C80123F007BD28D /* PersistanceController.swift in Sources */,
				B1873B1C2C95054200C692A7 /* ManualMediaEntryView.swift in Sources */,
				B13E30E92C80154B007BD28D /* DetailListViewModel.swift in Sources */,
				B1873B242C961CA300C692A7 /* MediaDetailViewModel.swift in Sources */,
				B13E30F02C8015A0007BD28D /* AddListItemView.swift in Sources */,
				B13E30FE2C8D2AD0007BD28D /* TaskDetailView.swift in Sources */,
				B13E31222C910463007BD28D /* TaskItem.swift in Sources */,
				B1873B022C93A6D500C692A7 /* AppError.swift in Sources */,
			);
			runOnlyForDeploymentPostprocessing = 0;
		};
/* End PBXSourcesBuildPhase section */

/* Begin XCBuildConfiguration section */
		B13E30D72C80088C007BD28D /* Debug */ = {
			isa = XCBuildConfiguration;
			buildSettings = {
				ALWAYS_SEARCH_USER_PATHS = NO;
				ASSETCATALOG_COMPILER_GENERATE_SWIFT_ASSET_SYMBOL_EXTENSIONS = YES;
				CLANG_ANALYZER_NONNULL = YES;
				CLANG_ANALYZER_NUMBER_OBJECT_CONVERSION = YES_AGGRESSIVE;
				CLANG_CXX_LANGUAGE_STANDARD = "gnu++20";
				CLANG_ENABLE_MODULES = YES;
				CLANG_ENABLE_OBJC_ARC = YES;
				CLANG_ENABLE_OBJC_WEAK = YES;
				CLANG_WARN_BLOCK_CAPTURE_AUTORELEASING = YES;
				CLANG_WARN_BOOL_CONVERSION = YES;
				CLANG_WARN_COMMA = YES;
				CLANG_WARN_CONSTANT_CONVERSION = YES;
				CLANG_WARN_DEPRECATED_OBJC_IMPLEMENTATIONS = YES;
				CLANG_WARN_DIRECT_OBJC_ISA_USAGE = YES_ERROR;
				CLANG_WARN_DOCUMENTATION_COMMENTS = YES;
				CLANG_WARN_EMPTY_BODY = YES;
				CLANG_WARN_ENUM_CONVERSION = YES;
				CLANG_WARN_INFINITE_RECURSION = YES;
				CLANG_WARN_INT_CONVERSION = YES;
				CLANG_WARN_NON_LITERAL_NULL_CONVERSION = YES;
				CLANG_WARN_OBJC_IMPLICIT_RETAIN_SELF = YES;
				CLANG_WARN_OBJC_LITERAL_CONVERSION = YES;
				CLANG_WARN_OBJC_ROOT_CLASS = YES_ERROR;
				CLANG_WARN_QUOTED_INCLUDE_IN_FRAMEWORK_HEADER = YES;
				CLANG_WARN_RANGE_LOOP_ANALYSIS = YES;
				CLANG_WARN_STRICT_PROTOTYPES = YES;
				CLANG_WARN_SUSPICIOUS_MOVE = YES;
				CLANG_WARN_UNGUARDED_AVAILABILITY = YES_AGGRESSIVE;
				CLANG_WARN_UNREACHABLE_CODE = YES;
				CLANG_WARN__DUPLICATE_METHOD_MATCH = YES;
				COPY_PHASE_STRIP = NO;
				DEBUG_INFORMATION_FORMAT = dwarf;
				ENABLE_STRICT_OBJC_MSGSEND = YES;
				ENABLE_TESTABILITY = YES;
				ENABLE_USER_SCRIPT_SANDBOXING = YES;
				GCC_C_LANGUAGE_STANDARD = gnu17;
				GCC_DYNAMIC_NO_PIC = NO;
				GCC_NO_COMMON_BLOCKS = YES;
				GCC_OPTIMIZATION_LEVEL = 0;
				GCC_PREPROCESSOR_DEFINITIONS = (
					"DEBUG=1",
					"$(inherited)",
				);
				GCC_WARN_64_TO_32_BIT_CONVERSION = YES;
				GCC_WARN_ABOUT_RETURN_TYPE = YES_ERROR;
				GCC_WARN_UNDECLARED_SELECTOR = YES;
				GCC_WARN_UNINITIALIZED_AUTOS = YES_AGGRESSIVE;
				GCC_WARN_UNUSED_FUNCTION = YES;
				GCC_WARN_UNUSED_VARIABLE = YES;
				IPHONEOS_DEPLOYMENT_TARGET = 17.4;
				LOCALIZATION_PREFERS_STRING_CATALOGS = YES;
				MTL_ENABLE_DEBUG_INFO = INCLUDE_SOURCE;
				MTL_FAST_MATH = YES;
				ONLY_ACTIVE_ARCH = YES;
				SDKROOT = iphoneos;
				SWIFT_ACTIVE_COMPILATION_CONDITIONS = "DEBUG $(inherited)";
				SWIFT_OPTIMIZATION_LEVEL = "-Onone";
			};
			name = Debug;
		};
		B13E30D82C80088C007BD28D /* Release */ = {
			isa = XCBuildConfiguration;
			buildSettings = {
				ALWAYS_SEARCH_USER_PATHS = NO;
				ASSETCATALOG_COMPILER_GENERATE_SWIFT_ASSET_SYMBOL_EXTENSIONS = YES;
				CLANG_ANALYZER_NONNULL = YES;
				CLANG_ANALYZER_NUMBER_OBJECT_CONVERSION = YES_AGGRESSIVE;
				CLANG_CXX_LANGUAGE_STANDARD = "gnu++20";
				CLANG_ENABLE_MODULES = YES;
				CLANG_ENABLE_OBJC_ARC = YES;
				CLANG_ENABLE_OBJC_WEAK = YES;
				CLANG_WARN_BLOCK_CAPTURE_AUTORELEASING = YES;
				CLANG_WARN_BOOL_CONVERSION = YES;
				CLANG_WARN_COMMA = YES;
				CLANG_WARN_CONSTANT_CONVERSION = YES;
				CLANG_WARN_DEPRECATED_OBJC_IMPLEMENTATIONS = YES;
				CLANG_WARN_DIRECT_OBJC_ISA_USAGE = YES_ERROR;
				CLANG_WARN_DOCUMENTATION_COMMENTS = YES;
				CLANG_WARN_EMPTY_BODY = YES;
				CLANG_WARN_ENUM_CONVERSION = YES;
				CLANG_WARN_INFINITE_RECURSION = YES;
				CLANG_WARN_INT_CONVERSION = YES;
				CLANG_WARN_NON_LITERAL_NULL_CONVERSION = YES;
				CLANG_WARN_OBJC_IMPLICIT_RETAIN_SELF = YES;
				CLANG_WARN_OBJC_LITERAL_CONVERSION = YES;
				CLANG_WARN_OBJC_ROOT_CLASS = YES_ERROR;
				CLANG_WARN_QUOTED_INCLUDE_IN_FRAMEWORK_HEADER = YES;
				CLANG_WARN_RANGE_LOOP_ANALYSIS = YES;
				CLANG_WARN_STRICT_PROTOTYPES = YES;
				CLANG_WARN_SUSPICIOUS_MOVE = YES;
				CLANG_WARN_UNGUARDED_AVAILABILITY = YES_AGGRESSIVE;
				CLANG_WARN_UNREACHABLE_CODE = YES;
				CLANG_WARN__DUPLICATE_METHOD_MATCH = YES;
				COPY_PHASE_STRIP = NO;
				DEBUG_INFORMATION_FORMAT = "dwarf-with-dsym";
				ENABLE_NS_ASSERTIONS = NO;
				ENABLE_STRICT_OBJC_MSGSEND = YES;
				ENABLE_USER_SCRIPT_SANDBOXING = YES;
				GCC_C_LANGUAGE_STANDARD = gnu17;
				GCC_NO_COMMON_BLOCKS = YES;
				GCC_WARN_64_TO_32_BIT_CONVERSION = YES;
				GCC_WARN_ABOUT_RETURN_TYPE = YES_ERROR;
				GCC_WARN_UNDECLARED_SELECTOR = YES;
				GCC_WARN_UNINITIALIZED_AUTOS = YES_AGGRESSIVE;
				GCC_WARN_UNUSED_FUNCTION = YES;
				GCC_WARN_UNUSED_VARIABLE = YES;
				IPHONEOS_DEPLOYMENT_TARGET = 17.4;
				LOCALIZATION_PREFERS_STRING_CATALOGS = YES;
				MTL_ENABLE_DEBUG_INFO = NO;
				MTL_FAST_MATH = YES;
				SDKROOT = iphoneos;
				SWIFT_COMPILATION_MODE = wholemodule;
				VALIDATE_PRODUCT = YES;
			};
			name = Release;
		};
		B13E30DA2C80088C007BD28D /* Debug */ = {
			isa = XCBuildConfiguration;
			buildSettings = {
				ASSETCATALOG_COMPILER_APPICON_NAME = AppIcon;
				ASSETCATALOG_COMPILER_GLOBAL_ACCENT_COLOR_NAME = AccentColor;
				CODE_SIGN_STYLE = Automatic;
				CURRENT_PROJECT_VERSION = 1;
				DEVELOPMENT_ASSET_PATHS = "\"Listy/Preview Content\"";
				ENABLE_PREVIEWS = YES;
				GENERATE_INFOPLIST_FILE = YES;
				INFOPLIST_KEY_UIApplicationSceneManifest_Generation = YES;
				INFOPLIST_KEY_UIApplicationSupportsIndirectInputEvents = YES;
				INFOPLIST_KEY_UILaunchScreen_Generation = YES;
				INFOPLIST_KEY_UISupportedInterfaceOrientations_iPad = "UIInterfaceOrientationPortrait UIInterfaceOrientationPortraitUpsideDown UIInterfaceOrientationLandscapeLeft UIInterfaceOrientationLandscapeRight";
				INFOPLIST_KEY_UISupportedInterfaceOrientations_iPhone = "UIInterfaceOrientationPortrait UIInterfaceOrientationLandscapeLeft UIInterfaceOrientationLandscapeRight";
				LD_RUNPATH_SEARCH_PATHS = (
					"$(inherited)",
					"@executable_path/Frameworks",
				);
				MARKETING_VERSION = 1.0;
				PRODUCT_BUNDLE_IDENTIFIER = com.KaseVyas.Listy;
				PRODUCT_NAME = "$(TARGET_NAME)";
				SWIFT_EMIT_LOC_STRINGS = YES;
				SWIFT_VERSION = 5.0;
				TARGETED_DEVICE_FAMILY = "1,2";
			};
			name = Debug;
		};
		B13E30DB2C80088C007BD28D /* Release */ = {
			isa = XCBuildConfiguration;
			buildSettings = {
				ASSETCATALOG_COMPILER_APPICON_NAME = AppIcon;
				ASSETCATALOG_COMPILER_GLOBAL_ACCENT_COLOR_NAME = AccentColor;
				CODE_SIGN_STYLE = Automatic;
				CURRENT_PROJECT_VERSION = 1;
				DEVELOPMENT_ASSET_PATHS = "\"Listy/Preview Content\"";
				ENABLE_PREVIEWS = YES;
				GENERATE_INFOPLIST_FILE = YES;
				INFOPLIST_KEY_UIApplicationSceneManifest_Generation = YES;
				INFOPLIST_KEY_UIApplicationSupportsIndirectInputEvents = YES;
				INFOPLIST_KEY_UILaunchScreen_Generation = YES;
				INFOPLIST_KEY_UISupportedInterfaceOrientations_iPad = "UIInterfaceOrientationPortrait UIInterfaceOrientationPortraitUpsideDown UIInterfaceOrientationLandscapeLeft UIInterfaceOrientationLandscapeRight";
				INFOPLIST_KEY_UISupportedInterfaceOrientations_iPhone = "UIInterfaceOrientationPortrait UIInterfaceOrientationLandscapeLeft UIInterfaceOrientationLandscapeRight";
				LD_RUNPATH_SEARCH_PATHS = (
					"$(inherited)",
					"@executable_path/Frameworks",
				);
				MARKETING_VERSION = 1.0;
				PRODUCT_BUNDLE_IDENTIFIER = com.KaseVyas.Listy;
				PRODUCT_NAME = "$(TARGET_NAME)";
				SWIFT_EMIT_LOC_STRINGS = YES;
				SWIFT_VERSION = 5.0;
				TARGETED_DEVICE_FAMILY = "1,2";
			};
			name = Release;
		};
/* End XCBuildConfiguration section */

/* Begin XCConfigurationList section */
		B13E30C12C80088B007BD28D /* Build configuration list for PBXProject "Listy" */ = {
			isa = XCConfigurationList;
			buildConfigurations = (
				B13E30D72C80088C007BD28D /* Debug */,
				B13E30D82C80088C007BD28D /* Release */,
			);
			defaultConfigurationIsVisible = 0;
			defaultConfigurationName = Release;
		};
		B13E30D92C80088C007BD28D /* Build configuration list for PBXNativeTarget "Listy" */ = {
			isa = XCConfigurationList;
			buildConfigurations = (
				B13E30DA2C80088C007BD28D /* Debug */,
				B13E30DB2C80088C007BD28D /* Release */,
			);
			defaultConfigurationIsVisible = 0;
			defaultConfigurationName = Release;
		};
/* End XCConfigurationList section */

/* Begin XCVersionGroup section */
		B13E30D42C80088C007BD28D /* Listy.xcdatamodeld */ = {
			isa = XCVersionGroup;
			children = (
				B13E30D52C80088C007BD28D /* Listy.xcdatamodel */,
			);
			currentVersion = B13E30D52C80088C007BD28D /* Listy.xcdatamodel */;
			path = Listy.xcdatamodeld;
			sourceTree = "<group>";
			versionGroupType = wrapper.xcdatamodel;
		};
/* End XCVersionGroup section */
	};
	rootObject = B13E30BE2C80088B007BD28D /* Project object */;
}
